Microsoft Visual Studio Solution File, Format Version 11.00
# Visual Studio 2008

Project("{302FC3D2-D5C4-DC83-ABF7-15B42C7DB84A}") = "The Colon", "Assembly-CSharp-vs.csproj", "{5C2E6F87-4BDF-C399-6E75-288D0CEC43F5}"
EndProject
Project("{302FC3D2-D5C4-DC83-ABF7-15B42C7DB84A}") = "The Colon", "Assembly-CSharp-Editor-vs.csproj", "{281422AB-0540-A4B0-7230-4837265EA9FA}"
EndProject
Global
	GlobalSection(SolutionConfigurationPlatforms) = preSolution
		Debug|Any CPU = Debug|Any CPU
		Release|Any CPU = Release|Any CPU
	EndGlobalSection
	GlobalSection(ProjectConfigurationPlatforms) = postSolution
		{5C2E6F87-4BDF-C399-6E75-288D0CEC43F5}.Debug|Any CPU.ActiveCfg = Debug|Any CPU
		{5C2E6F87-4BDF-C399-6E75-288D0CEC43F5}.Debug|Any CPU.Build.0 = Debug|Any CPU
		{5C2E6F87-4BDF-C399-6E75-288D0CEC43F5}.Release|Any CPU.ActiveCfg = Release|Any CPU
		{5C2E6F87-4BDF-C399-6E75-288D0CEC43F5}.Release|Any CPU.Build.0 = Release|Any CPU
		{281422AB-0540-A4B0-7230-4837265EA9FA}.Debug|Any CPU.ActiveCfg = Debug|Any CPU
		{281422AB-0540-A4B0-7230-4837265EA9FA}.Debug|Any CPU.Build.0 = Debug|Any CPU
		{281422AB-0540-A4B0-7230-4837265EA9FA}.Release|Any CPU.ActiveCfg = Release|Any CPU
		{281422AB-0540-A4B0-7230-4837265EA9FA}.Release|Any CPU.Build.0 = Release|Any CPU
	EndGlobalSection
	GlobalSection(SolutionProperties) = preSolution
		HideSolutionNode = FALSE
	EndGlobalSection
																																																																																																																														GlobalSection(MonoDevelopProperties) = preSolution
		StartupItem = Assembly-CSharp.csproj
		Policies = $0
		$0.TextStylePolicy = $1
		$1.inheritsSet = null
		$1.scope = text/x-csharp
		$0.CSharpFormattingPolicy = $2
		$2.inheritsSet = Mono
		$2.inheritsScope = text/x-csharp
		$2.scope = text/x-csharp
		$0.TextStylePolicy = $3
		$3.FileWidth = 120
		$3.TabWidth = 4
		$3.IndentWidth = 4
		$3.EolMarker = Unix
		$3.inheritsSet = Mono
		$3.inheritsScope = text/plain
		$3.scope = text/plain
	EndGlobalSection

EndGlobal
